
Microsoft Visual Studio Solution File, Format Version 12.00
# Visual Studio Version 16
VisualStudioVersion = 16.0.30621.155
MinimumVisualStudioVersion = 10.0.40219.1
Project("{FAE04EC0-301F-11D3-BF4B-00C04F79EFBC}") = "STTM_PJ01", "STTM_PJ01.csproj", "{005F3BD7-DF96-46F6-BFE1-D1696C62F2ED}"
EndProject
Global
	GlobalSection(SolutionConfigurationPlatforms) = preSolution
		Debug|Any CPU = Debug|Any CPU
		Release|Any CPU = Release|Any CPU
	EndGlobalSection
	GlobalSection(ProjectConfigurationPlatforms) = postSolution
		{005F3BD7-DF96-46F6-BFE1-D1696C62F2ED}.Debug|Any CPU.ActiveCfg = Debug|Any CPU
		{005F3BD7-DF96-46F6-BFE1-D1696C62F2ED}.Debug|Any CPU.Build.0 = Debug|Any CPU
		{005F3BD7-DF96-46F6-BFE1-D1696C62F2ED}.Release|Any CPU.ActiveCfg = Release|Any CPU
		{005F3BD7-DF96-46F6-BFE1-D1696C62F2ED}.Release|Any CPU.Build.0 = Release|Any CPU
	EndGlobalSection
	GlobalSection(SolutionProperties) = preSolution
		HideSolutionNode = FALSE
	EndGlobalSection
	GlobalSection(ExtensibilityGlobals) = postSolution
		SolutionGuid = {586131D1-AA23-4647-8D6D-B8A00204C870}
	EndGlobalSection
EndGlobal
